
Microsoft Visual Studio Solution File, Format Version 12.00
# Visual Studio Version 17
VisualStudioVersion = 17.2.32526.322
MinimumVisualStudioVersion = 10.0.40219.1
Project("{FAE04EC0-301F-11D3-BF4B-00C04F79EFBC}") = "AreaDoCirculo", "AreaDoCirculo\AreaDoCirculo.csproj", "{0845AC20-1F02-4842-BD5E-FC5AE28B5837}"
EndProject
Global
	GlobalSection(SolutionConfigurationPlatforms) = preSolution
		Debug|Any CPU = Debug|Any CPU
		Release|Any CPU = Release|Any CPU
	EndGlobalSection
	GlobalSection(ProjectConfigurationPlatforms) = postSolution
		{0845AC20-1F02-4842-BD5E-FC5AE28B5837}.Debug|Any CPU.ActiveCfg = Debug|Any CPU
		{0845AC20-1F02-4842-BD5E-FC5AE28B5837}.Debug|Any CPU.Build.0 = Debug|Any CPU
		{0845AC20-1F02-4842-BD5E-FC5AE28B5837}.Release|Any CPU.ActiveCfg = Release|Any CPU
		{0845AC20-1F02-4842-BD5E-FC5AE28B5837}.Release|Any CPU.Build.0 = Release|Any CPU
	EndGlobalSection
	GlobalSection(SolutionProperties) = preSolution
		HideSolutionNode = FALSE
	EndGlobalSection
	GlobalSection(ExtensibilityGlobals) = postSolution
		SolutionGuid = {8E3DDBB9-C7EB-4C58-944D-F71BE8F6AD51}
	EndGlobalSection
EndGlobal
